// !$*UTF8*$!
{
	archiveVersion = 1;
	classes = {
	};
	objectVersion = 50;
	objects = {

/* Begin PBXBuildFile section */
		3C2A3C782448974D0045D40C /* AppDelegate.swift in Sources */ = {isa = PBXBuildFile; fileRef = 3C2A3C772448974D0045D40C /* AppDelegate.swift */; };
		3C2A3C7A2448974D0045D40C /* SceneDelegate.swift in Sources */ = {isa = PBXBuildFile; fileRef = 3C2A3C792448974D0045D40C /* SceneDelegate.swift */; };
		3C2A3C7C2448974D0045D40C /* ContentView.swift in Sources */ = {isa = PBXBuildFile; fileRef = 3C2A3C7B2448974D0045D40C /* ContentView.swift */; };
		3C2A3C7E2448974F0045D40C /* Assets.xcassets in Resources */ = {isa = PBXBuildFile; fileRef = 3C2A3C7D2448974F0045D40C /* Assets.xcassets */; };
		3C2A3C812448974F0045D40C /* Preview Assets.xcassets in Resources */ = {isa = PBXBuildFile; fileRef = 3C2A3C802448974F0045D40C /* Preview Assets.xcassets */; };
		3C2A3C842448974F0045D40C /* LaunchScreen.storyboard in Resources */ = {isa = PBXBuildFile; fileRef = 3C2A3C822448974F0045D40C /* LaunchScreen.storyboard */; };
		3C2A3C8C244898200045D40C /* Data.swift in Sources */ = {isa = PBXBuildFile; fileRef = 3C2A3C8B244898200045D40C /* Data.swift */; };
		3C2A3C8E24489CBA0045D40C /* PostListView.swift in Sources */ = {isa = PBXBuildFile; fileRef = 3C2A3C8D24489CBA0045D40C /* PostListView.swift */; };
/* End PBXBuildFile section */

/* Begin PBXFileReference section */
		3C2A3C742448974D0045D40C /* APITests - SwiftUI.app */ = {isa = PBXFileReference; explicitFileType = wrapper.application; includeInIndex = 0; path = "APITests - SwiftUI.app"; sourceTree = BUILT_PRODUCTS_DIR; };
		3C2A3C772448974D0045D40C /* AppDelegate.swift */ = {isa = PBXFileReference; lastKnownFileType = sourcecode.swift; path = AppDelegate.swift; sourceTree = "<group>"; };
		3C2A3C792448974D0045D40C /* SceneDelegate.swift */ = {isa = PBXFileReference; lastKnownFileType = sourcecode.swift; path = SceneDelegate.swift; sourceTree = "<group>"; };
		3C2A3C7B2448974D0045D40C /* ContentView.swift */ = {isa = PBXFileReference; lastKnownFileType = sourcecode.swift; path = ContentView.swift; sourceTree = "<group>"; };
		3C2A3C7D2448974F0045D40C /* Assets.xcassets */ = {isa = PBXFileReference; lastKnownFileType = folder.assetcatalog; path = Assets.xcassets; sourceTree = "<group>"; };
		3C2A3C802448974F0045D40C /* Preview Assets.xcassets */ = {isa = PBXFileReference; lastKnownFileType = folder.assetcatalog; path = "Preview Assets.xcassets"; sourceTree = "<group>"; };
		3C2A3C832448974F0045D40C /* Base */ = {isa = PBXFileReference; lastKnownFileType = file.storyboard; name = Base; path = Base.lproj/LaunchScreen.storyboard; sourceTree = "<group>"; };
		3C2A3C852448974F0045D40C /* Info.plist */ = {isa = PBXFileReference; lastKnownFileType = text.plist.xml; path = Info.plist; sourceTree = "<group>"; };
		3C2A3C8B244898200045D40C /* Data.swift */ = {isa = PBXFileReference; lastKnownFileType = sourcecode.swift; path = Data.swift; sourceTree = "<group>"; };
		3C2A3C8D24489CBA0045D40C /* PostListView.swift */ = {isa = PBXFileReference; lastKnownFileType = sourcecode.swift; path = PostListView.swift; sourceTree = "<group>"; };
/* End PBXFileReference section */

/* Begin PBXFrameworksBuildPhase section */
		3C2A3C712448974D0045D40C /* Frameworks */ = {
			isa = PBXFrameworksBuildPhase;
			buildActionMask = 2147483647;
			files = (
			);
			runOnlyForDeploymentPostprocessing = 0;
		};
/* End PBXFrameworksBuildPhase section */

/* Begin PBXGroup section */
		3C2A3C6B2448974D0045D40C = {
			isa = PBXGroup;
			children = (
				3C2A3C762448974D0045D40C /* APITests - SwiftUI */,
				3C2A3C752448974D0045D40C /* Products */,
			);
			sourceTree = "<group>";
		};
		3C2A3C752448974D0045D40C /* Products */ = {
			isa = PBXGroup;
			children = (
				3C2A3C742448974D0045D40C /* APITests - SwiftUI.app */,
			);
			name = Products;
			sourceTree = "<group>";
		};
		3C2A3C762448974D0045D40C /* APITests - SwiftUI */ = {
			isa = PBXGroup;
			children = (
				3C2A3C772448974D0045D40C /* AppDelegate.swift */,
				3C2A3C792448974D0045D40C /* SceneDelegate.swift */,
				3C2A3C7B2448974D0045D40C /* ContentView.swift */,
				3C2A3C8B244898200045D40C /* Data.swift */,
				3C2A3C8D24489CBA0045D40C /* PostListView.swift */,
				3C2A3C7D2448974F0045D40C /* Assets.xcassets */,
				3C2A3C822448974F0045D40C /* LaunchScreen.storyboard */,
				3C2A3C852448974F0045D40C /* Info.plist */,
				3C2A3C7F2448974F0045D40C /* Preview Content */,
			);
			path = "APITests - SwiftUI";
			sourceTree = "<group>";
		};
		3C2A3C7F2448974F0045D40C /* Preview Content */ = {
			isa = PBXGroup;
			children = (
				3C2A3C802448974F0045D40C /* Preview Assets.xcassets */,
			);
			path = "Preview Content";
			sourceTree = "<group>";
		};
/* End PBXGroup section */

/* Begin PBXNativeTarget section */
		3C2A3C732448974D0045D40C /* APITests - SwiftUI */ = {
			isa = PBXNativeTarget;
			buildConfigurationList = 3C2A3C882448974F0045D40C /* Build configuration list for PBXNativeTarget "APITests - SwiftUI" */;
			buildPhases = (
				3C2A3C702448974D0045D40C /* Sources */,
				3C2A3C712448974D0045D40C /* Frameworks */,
				3C2A3C722448974D0045D40C /* Resources */,
			);
			buildRules = (
			);
			dependencies = (
			);
			name = "APITests - SwiftUI";
			productName = "APITests - SwiftUI";
			productReference = 3C2A3C742448974D0045D40C /* APITests - SwiftUI.app */;
			productType = "com.apple.product-type.application";
		};
/* End PBXNativeTarget section */

/* Begin PBXProject section */
		3C2A3C6C2448974D0045D40C /* Project object */ = {
			isa = PBXProject;
			attributes = {
				LastSwiftUpdateCheck = 1130;
				LastUpgradeCheck = 1130;
				ORGANIZATIONNAME = "Zohra Achour";
				TargetAttributes = {
					3C2A3C732448974D0045D40C = {
						CreatedOnToolsVersion = 11.3.1;
					};
				};
			};
			buildConfigurationList = 3C2A3C6F2448974D0045D40C /* Build configuration list for PBXProject "APITests - SwiftUI" */;
			compatibilityVersion = "Xcode 9.3";
			developmentRegion = en;
			hasScannedForEncodings = 0;
			knownRegions = (
				en,
				Base,
			);
			mainGroup = 3C2A3C6B2448974D0045D40C;
			productRefGroup = 3C2A3C752448974D0045D40C /* Products */;
			projectDirPath = "";
			projectRoot = "";
			targets = (
				3C2A3C732448974D0045D40C /* APITests - SwiftUI */,
			);
		};
/* End PBXProject section */

/* Begin PBXResourcesBuildPhase section */
		3C2A3C722448974D0045D40C /* Resources */ = {
			isa = PBXResourcesBuildPhase;
			buildActionMask = 2147483647;
			files = (
				3C2A3C842448974F0045D40C /* LaunchScreen.storyboard in Resources */,
				3C2A3C812448974F0045D40C /* Preview Assets.xcassets in Resources */,
				3C2A3C7E2448974F0045D40C /* Assets.xcassets in Resources */,
			);
			runOnlyForDeploymentPostprocessing = 0;
		};
/* End PBXResourcesBuildPhase section */

/* Begin PBXSourcesBuildPhase section */
		3C2A3C702448974D0045D40C /* Sources */ = {
			isa = PBXSourcesBuildPhase;
			buildActionMask = 2147483647;
			files = (
				3C2A3C782448974D0045D40C /* AppDelegate.swift in Sources */,
				3C2A3C7A2448974D0045D40C /* SceneDelegate.swift in Sources */,
				3C2A3C7C2448974D0045D40C /* ContentView.swift in Sources */,
				3C2A3C8C244898200045D40C /* Data.swift in Sources */,
				3C2A3C8E24489CBA0045D40C /* PostListView.swift in Sources */,
			);
			runOnlyForDeploymentPostprocessing = 0;
		};
/* End PBXSourcesBuildPhase section */

/* Begin PBXVariantGroup section */
		3C2A3C822448974F0045D40C /* LaunchScreen.storyboard */ = {
			isa = PBXVariantGroup;
			children = (
				3C2A3C832448974F0045D40C /* Base */,
			);
			name = LaunchScreen.storyboard;
			sourceTree = "<group>";
		};
/* End PBXVariantGroup section */

/* Begin XCBuildConfiguration section */
		3C2A3C862448974F0045D40C /* Debug */ = {
			isa = XCBuildConfiguration;
			buildSettings = {
				ALWAYS_SEARCH_USER_PATHS = NO;
				CLANG_ANALYZER_NONNULL = YES;
				CLANG_ANALYZER_NUMBER_OBJECT_CONVERSION = YES_AGGRESSIVE;
				CLANG_CXX_LANGUAGE_STANDARD = "gnu++14";
				CLANG_CXX_LIBRARY = "libc++";
				CLANG_ENABLE_MODULES = YES;
				CLANG_ENABLE_OBJC_ARC = YES;
				CLANG_ENABLE_OBJC_WEAK = YES;
				CLANG_WARN_BLOCK_CAPTURE_AUTORELEASING = YES;
				CLANG_WARN_BOOL_CONVERSION = YES;
				CLANG_WARN_COMMA = YES;
				CLANG_WARN_CONSTANT_CONVERSION = YES;
				CLANG_WARN_DEPRECATED_OBJC_IMPLEMENTATIONS = YES;
				CLANG_WARN_DIRECT_OBJC_ISA_USAGE = YES_ERROR;
				CLANG_WARN_DOCUMENTATION_COMMENTS = YES;
				CLANG_WARN_EMPTY_BODY = YES;
				CLANG_WARN_ENUM_CONVERSION = YES;
				CLANG_WARN_INFINITE_RECURSION = YES;
				CLANG_WARN_INT_CONVERSION = YES;
				CLANG_WARN_NON_LITERAL_NULL_CONVERSION = YES;
				CLANG_WARN_OBJC_IMPLICIT_RETAIN_SELF = YES;
				CLANG_WARN_OBJC_LITERAL_CONVERSION = YES;
				CLANG_WARN_OBJC_ROOT_CLASS = YES_ERROR;
				CLANG_WARN_RANGE_LOOP_ANALYSIS = YES;
				CLANG_WARN_STRICT_PROTOTYPES = YES;
				CLANG_WARN_SUSPICIOUS_MOVE = YES;
				CLANG_WARN_UNGUARDED_AVAILABILITY = YES_AGGRESSIVE;
				CLANG_WARN_UNREACHABLE_CODE = YES;
				CLANG_WARN__DUPLICATE_METHOD_MATCH = YES;
				COPY_PHASE_STRIP = NO;
				DEBUG_INFORMATION_FORMAT = dwarf;
				ENABLE_STRICT_OBJC_MSGSEND = YES;
				ENABLE_TESTABILITY = YES;
				GCC_C_LANGUAGE_STANDARD = gnu11;
				GCC_DYNAMIC_NO_PIC = NO;
				GCC_NO_COMMON_BLOCKS = YES;
				GCC_OPTIMIZATION_LEVEL = 0;
				GCC_PREPROCESSOR_DEFINITIONS = (
					"DEBUG=1",
					"$(inherited)",
				);
				GCC_WARN_64_TO_32_BIT_CONVERSION = YES;
				GCC_WARN_ABOUT_RETURN_TYPE = YES_ERROR;
				GCC_WARN_UNDECLARED_SELECTOR = YES;
				GCC_WARN_UNINITIALIZED_AUTOS = YES_AGGRESSIVE;
				GCC_WARN_UNUSED_FUNCTION = YES;
				GCC_WARN_UNUSED_VARIABLE = YES;
				IPHONEOS_DEPLOYMENT_TARGET = 13.2;
				MTL_ENABLE_DEBUG_INFO = INCLUDE_SOURCE;
				MTL_FAST_MATH = YES;
				ONLY_ACTIVE_ARCH = YES;
				SDKROOT = iphoneos;
				SWIFT_ACTIVE_COMPILATION_CONDITIONS = DEBUG;
				SWIFT_OPTIMIZATION_LEVEL = "-Onone";
			};
			name = Debug;
		};
		3C2A3C872448974F0045D40C /* Release */ = {
			isa = XCBuildConfiguration;
			buildSettings = {
				ALWAYS_SEARCH_USER_PATHS = NO;
				CLANG_ANALYZER_NONNULL = YES;
				CLANG_ANALYZER_NUMBER_OBJECT_CONVERSION = YES_AGGRESSIVE;
				CLANG_CXX_LANGUAGE_STANDARD = "gnu++14";
				CLANG_CXX_LIBRARY = "libc++";
				CLANG_ENABLE_MODULES = YES;
				CLANG_ENABLE_OBJC_ARC = YES;
				CLANG_ENABLE_OBJC_WEAK = YES;
				CLANG_WARN_BLOCK_CAPTURE_AUTORELEASING = YES;
				CLANG_WARN_BOOL_CONVERSION = YES;
				CLANG_WARN_COMMA = YES;
				CLANG_WARN_CONSTANT_CONVERSION = YES;
				CLANG_WARN_DEPRECATED_OBJC_IMPLEMENTATIONS = YES;
				CLANG_WARN_DIRECT_OBJC_ISA_USAGE = YES_ERROR;
				CLANG_WARN_DOCUMENTATION_COMMENTS = YES;
				CLANG_WARN_EMPTY_BODY = YES;
				CLANG_WARN_ENUM_CONVERSION = YES;
				CLANG_WARN_INFINITE_RECURSION = YES;
				CLANG_WARN_INT_CONVERSION = YES;
				CLANG_WARN_NON_LITERAL_NULL_CONVERSION = YES;
				CLANG_WARN_OBJC_IMPLICIT_RETAIN_SELF = YES;
				CLANG_WARN_OBJC_LITERAL_CONVERSION = YES;
				CLANG_WARN_OBJC_ROOT_CLASS = YES_ERROR;
				CLANG_WARN_RANGE_LOOP_ANALYSIS = YES;
				CLANG_WARN_STRICT_PROTOTYPES = YES;
				CLANG_WARN_SUSPICIOUS_MOVE = YES;
				CLANG_WARN_UNGUARDED_AVAILABILITY = YES_AGGRESSIVE;
				CLANG_WARN_UNREACHABLE_CODE = YES;
				CLANG_WARN__DUPLICATE_METHOD_MATCH = YES;
				COPY_PHASE_STRIP = NO;
				DEBUG_INFORMATION_FORMAT = "dwarf-with-dsym";
				ENABLE_NS_ASSERTIONS = NO;
				ENABLE_STRICT_OBJC_MSGSEND = YES;
				GCC_C_LANGUAGE_STANDARD = gnu11;
				GCC_NO_COMMON_BLOCKS = YES;
				GCC_WARN_64_TO_32_BIT_CONVERSION = YES;
				GCC_WARN_ABOUT_RETURN_TYPE = YES_ERROR;
				GCC_WARN_UNDECLARED_SELECTOR = YES;
				GCC_WARN_UNINITIALIZED_AUTOS = YES_AGGRESSIVE;
				GCC_WARN_UNUSED_FUNCTION = YES;
				GCC_WARN_UNUSED_VARIABLE = YES;
				IPHONEOS_DEPLOYMENT_TARGET = 13.2;
				MTL_ENABLE_DEBUG_INFO = NO;
				MTL_FAST_MATH = YES;
				SDKROOT = iphoneos;
				SWIFT_COMPILATION_MODE = wholemodule;
				SWIFT_OPTIMIZATION_LEVEL = "-O";
				VALIDATE_PRODUCT = YES;
			};
			name = Release;
		};
		3C2A3C892448974F0045D40C /* Debug */ = {
			isa = XCBuildConfiguration;
			buildSettings = {
				ASSETCATALOG_COMPILER_APPICON_NAME = AppIcon;
				CODE_SIGN_STYLE = Automatic;
				DEVELOPMENT_ASSET_PATHS = "\"APITests - SwiftUI/Preview Content\"";
				DEVELOPMENT_TEAM = KVV9996J8A;
				ENABLE_PREVIEWS = YES;
				INFOPLIST_FILE = "APITests - SwiftUI/Info.plist";
				LD_RUNPATH_SEARCH_PATHS = (
					"$(inherited)",
					"@executable_path/Frameworks",
				);
				PRODUCT_BUNDLE_IDENTIFIER = "Zo.ears.com.APITests---SwiftUI";
				PRODUCT_NAME = "$(TARGET_NAME)";
				SWIFT_VERSION = 5.0;
				TARGETED_DEVICE_FAMILY = "1,2";
			};
			name = Debug;
		};
		3C2A3C8A2448974F0045D40C /* Release */ = {
			isa = XCBuildConfiguration;
			buildSettings = {
				ASSETCATALOG_COMPILER_APPICON_NAME = AppIcon;
				CODE_SIGN_STYLE = Automatic;
				DEVELOPMENT_ASSET_PATHS = "\"APITests - SwiftUI/Preview Content\"";
				DEVELOPMENT_TEAM = KVV9996J8A;
				ENABLE_PREVIEWS = YES;
				INFOPLIST_FILE = "APITests - SwiftUI/Info.plist";
				LD_RUNPATH_SEARCH_PATHS = (
					"$(inherited)",
					"@executable_path/Frameworks",
				);
				PRODUCT_BUNDLE_IDENTIFIER = "Zo.ears.com.APITests---SwiftUI";
				PRODUCT_NAME = "$(TARGET_NAME)";
				SWIFT_VERSION = 5.0;
				TARGETED_DEVICE_FAMILY = "1,2";
			};
			name = Release;
		};
/* End XCBuildConfiguration section */

/* Begin XCConfigurationList section */
		3C2A3C6F2448974D0045D40C /* Build configuration list for PBXProject "APITests - SwiftUI" */ = {
			isa = XCConfigurationList;
			buildConfigurations = (
				3C2A3C862448974F0045D40C /* Debug */,
				3C2A3C872448974F0045D40C /* Release */,
			);
			defaultConfigurationIsVisible = 0;
			defaultConfigurationName = Release;
		};
		3C2A3C882448974F0045D40C /* Build configuration list for PBXNativeTarget "APITests - SwiftUI" */ = {
			isa = XCConfigurationList;
			buildConfigurations = (
				3C2A3C892448974F0045D40C /* Debug */,
				3C2A3C8A2448974F0045D40C /* Release */,
			);
			defaultConfigurationIsVisible = 0;
			defaultConfigurationName = Release;
		};
/* End XCConfigurationList section */
	};
	rootObject = 3C2A3C6C2448974D0045D40C /* Project object */;
}
